{
  "name": "biznisweb-growthbook-cli-tooling",
  "version": "1.0.0",
  "lockfileVersion": 3,
  "requires": true,
  "packages": {
    "": {
      "name": "biznisweb-growthbook-cli-tooling",
      "version": "1.0.0",
      "devDependencies": {
        "growthbook": "2.2.0"
      }
    },
    "node_modules/growthbook": {
      "version": "2.2.0",
      "resolved": "https://registry.npmjs.org/growthbook/-/growthbook-2.2.0.tgz",
      "integrity": "sha512-mgABUq0Qejj7ZA0i6G3YmL7LhCxDQQhdL5KI8elGs1iqeoPoGiLQPR/dYVTtz4LH+nhpcmYpssUWjfhNHGcYEA==",
      "cpu": [
        "x64",
        "arm64"
      ],
      "dev": true,
      "hasInstallScript": true,
      "license": "MIT",
      "os": [
        "linux",
        "darwin",
        "win32"
      ],
      "bin": {
        "growthbook": "bin/growthbook.js"
      },
      "engines": {
        "node": ">=16"
      }
    }
  }
}
